
Microsoft Visual Studio Solution File, Format Version 12.00
# Visual Studio Version 16
VisualStudioVersion = 16.0.30204.135
MinimumVisualStudioVersion = 10.0.40219.1
Project("{FAE04EC0-301F-11D3-BF4B-00C04F79EFBC}") = "WpfLesson1", "WpfLesson1\WpfLesson1.csproj", "{F164AB22-5F48-489F-AABD-FD736F8CF6B5}"
EndProject
Global
	GlobalSection(SolutionConfigurationPlatforms) = preSolution
		Debug|Any CPU = Debug|Any CPU
		Release|Any CPU = Release|Any CPU
	EndGlobalSection
	GlobalSection(ProjectConfigurationPlatforms) = postSolution
		{F164AB22-5F48-489F-AABD-FD736F8CF6B5}.Debug|Any CPU.ActiveCfg = Debug|Any CPU
		{F164AB22-5F48-489F-AABD-FD736F8CF6B5}.Debug|Any CPU.Build.0 = Debug|Any CPU
		{F164AB22-5F48-489F-AABD-FD736F8CF6B5}.Release|Any CPU.ActiveCfg = Release|Any CPU
		{F164AB22-5F48-489F-AABD-FD736F8CF6B5}.Release|Any CPU.Build.0 = Release|Any CPU
	EndGlobalSection
	GlobalSection(SolutionProperties) = preSolution
		HideSolutionNode = FALSE
	EndGlobalSection
	GlobalSection(ExtensibilityGlobals) = postSolution
		SolutionGuid = {F640B46C-54A4-4310-9E00-806D979D2716}
	EndGlobalSection
EndGlobal
